{
  "allow_builds": true,
  "allow_prereleases": false,
  "allow_wheels": true,
  "build_isolation": true,
  "constraints": [],
  "elide_unused_requires_dist": false,
  "excluded": [],
  "locked_resolves": [
    {
      "locked_requirements": [
        {
          "artifacts": [
            {
              "algorithm": "sha256",
              "hash": "90d6f08c5982fa3e802b8918a32e326153519077b827f91c66eea4913a86756a",
              "url": "https://files.pythonhosted.org/packages/f8/90/5a82ac0a0707db55376922aed80cd5fca6b2e6d6e9bcd8c286e6b43b4084/ty-0.0.8-py3-none-musllinux_1_2_x86_64.whl"
            },
            {
              "algorithm": "sha256",
              "hash": "7d0a2bdce5e701d19eb8d46d9da0fe31340f079cecb7c438f5ac6897c73fc5ba",
              "url": "https://files.pythonhosted.org/packages/05/04/bef50ba7d8580b0140be597de5cc0ba9a63abe50d3f65560235f23658762/ty-0.0.8-py3-none-manylinux_2_17_armv7l.manylinux2014_armv7l.whl"
            },
            {
              "algorithm": "sha256",
              "hash": "b558a647a073d0c25540aaa10f8947de826cb8757d034dd61ecf50ab8dbd77bf",
              "url": "https://files.pythonhosted.org/packages/0e/8d/8667c7e0ac9f13c461ded487c8d7350f440cd39ba866d0160a8e1b1efd6c/ty-0.0.8-py3-none-manylinux_2_17_x86_64.manylinux2014_x86_64.whl"
            },
            {
              "algorithm": "sha256",
              "hash": "2c488031f92a075ae39d13ac6295fdce2141164ec38c5d47aa8dc24ee3afa37e",
              "url": "https://files.pythonhosted.org/packages/12/b5/23ba887769c4a7b8abfd1b6395947dc3dcc87533fbf86379d3a57f87ae8f/ty-0.0.8-py3-none-musllinux_1_2_i686.whl"
            },
            {
              "algorithm": "sha256",
              "hash": "ac8e23c3faefc579686799ef1649af8d158653169ad5c3a7df56b152781eeb67",
              "url": "https://files.pythonhosted.org/packages/64/a5/cfeca780de7eeab7852c911c06a84615a174d23e9ae08aae42a645771094/ty-0.0.8-py3-none-manylinux_2_17_s390x.manylinux2014_s390x.whl"
            },
            {
              "algorithm": "sha256",
              "hash": "a289d033c5576fa3b4a582b37d63395edf971cdbf70d2d2e6b8c95638d1a4fcd",
              "url": "https://files.pythonhosted.org/packages/69/2b/dd61f7e50a69c72f72c625d026e9ab64a0db62b2dd32e7426b520e2429c6/ty-0.0.8-py3-none-linux_armv6l.whl"
            },
            {
              "algorithm": "sha256",
              "hash": "1b5f1f3d3e230f35a29e520be7c3d90194a5229f755b721e9092879c00842d31",
              "url": "https://files.pythonhosted.org/packages/71/d1/08ac676bd536de3c2baba0deb60e67b3196683a2fabebfd35659d794b5e9/ty-0.0.8-py3-none-macosx_11_0_arm64.whl"
            },
            {
              "algorithm": "sha256",
              "hash": "352ac93d6e0050763be57ad1e02087f454a842887e618ec14ac2103feac48676",
              "url": "https://files.pythonhosted.org/packages/72/9d/59e955cc39206a0d58df5374808785c45ec2a8a2a230eb1638fbb4fe5c5d/ty-0.0.8.tar.gz"
            },
            {
              "algorithm": "sha256",
              "hash": "788ea97dc8153a94e476c4d57b2551a9458f79c187c4aba48fcb81f05372924a",
              "url": "https://files.pythonhosted.org/packages/90/72/3f1d3c64a049a388e199de4493689a51fc6aa5ff9884c03dea52b4966657/ty-0.0.8-py3-none-macosx_10_12_x86_64.whl"
            },
            {
              "algorithm": "sha256",
              "hash": "ef9078799d26d3cc65366e02392e2b78f64f72911b599e80a8497d2ec3117ddb",
              "url": "https://files.pythonhosted.org/packages/aa/b9/2aff1ef1f41b25898bc963173ae67fc8f04ca666ac9439a9c4e78d5cc0ff/ty-0.0.8-py3-none-manylinux_2_17_i686.manylinux2014_i686.whl"
            },
            {
              "algorithm": "sha256",
              "hash": "6da9ed377fbbcec0a3b60b2ca5fd30496e15068f47cef2344ba87923e78ba996",
              "url": "https://files.pythonhosted.org/packages/af/93/610000e2cfeea1875900f73a375ba917624b0a008d4b8a6c18c894c8dbbc/ty-0.0.8-py3-none-manylinux_2_17_aarch64.manylinux2014_aarch64.whl"
            },
            {
              "algorithm": "sha256",
              "hash": "496f1cb87261dd1a036a5609da80ee13de2e6ee4718a661bfa2afb91352fe528",
              "url": "https://files.pythonhosted.org/packages/b1/ad/05b79b778bf5237bcd7ee08763b226130aa8da872cbb151c8cfa2e886203/ty-0.0.8-py3-none-musllinux_1_2_armv7l.whl"
            },
            {
              "algorithm": "sha256",
              "hash": "54814ac39b4ab67cf111fc0a236818155cf49828976152378347a7678d30ee89",
              "url": "https://files.pythonhosted.org/packages/df/0e/9feb6794b6ff0a157c3e6a8eb6365cbfa3adb9c0f7976e2abdc48615dd72/ty-0.0.8-py3-none-manylinux_2_17_ppc64.manylinux2014_ppc64.whl"
            },
            {
              "algorithm": "sha256",
              "hash": "c4baf0a80398e8b6c68fa36ff85045a50ede1906cd4edb41fb4fab46d471f1d4",
              "url": "https://files.pythonhosted.org/packages/f4/3b/faf7328b14f00408f4f65c9d01efe52e11b9bcc4a79e06187b370457b004/ty-0.0.8-py3-none-manylinux_2_17_ppc64le.manylinux2014_ppc64le.whl"
            },
            {
              "algorithm": "sha256",
              "hash": "8c0104327bf480508bd81f320e22074477df159d9eff85207df39e9c62ad5e96",
              "url": "https://files.pythonhosted.org/packages/f8/11/e563229870e2c1d089e7e715c6c3b7605a34436dddf6f58e9205823020c2/ty-0.0.8-py3-none-musllinux_1_2_aarch64.whl"
            }
          ],
          "project_name": "ty",
          "requires_dists": [],
          "requires_python": ">=3.8",
          "version": "0.0.8"
        }
      ],
      "marker": null,
      "platform_tag": null
    }
  ],
  "only_builds": [],
  "only_wheels": [],
  "overridden": [],
  "path_mappings": {},
  "pex_version": "2.73.1",
  "pip_version": "25.3",
  "prefer_older_binary": false,
  "requirements": [
    "ty==0.0.8"
  ],
  "requires_python": [
    "CPython<3.15,>=3.9"
  ],
  "resolver_version": "pip-2020-resolver",
  "style": "universal",
  "target_systems": [
    "linux",
    "mac"
  ],
  "transitive": true,
  "use_pep517": null,
  "use_system_time": false
}
